
Microsoft Visual Studio Solution File, Format Version 12.00
# Visual Studio Version 16
VisualStudioVersion = 16.0.30907.101
MinimumVisualStudioVersion = 10.0.40219.1
Project("{8BC9CEB8-8B4A-11D0-8D11-00A0C91BC942}") = "H5FontGUI", "H5FontGUI\H5FontGUI.vcxproj", "{2C99BC25-3A37-4AEA-AA11-25BB8F079264}"
EndProject
Project("{8BC9CEB8-8B4A-11D0-8D11-00A0C91BC942}") = "HFzhCNResourceDLL", "HFzhCNResourceDLL\HFzhCNResourceDLL.vcxproj", "{9396B462-4834-41D5-B233-4A729407FCB3}"
EndProject
Project("{8BC9CEB8-8B4A-11D0-8D11-00A0C91BC942}") = "H5FontCore", "H5FontCore\H5FontCore.vcxproj", "{7C00E555-1529-4B81-A62A-1AF583083D30}"
EndProject
Project("{8BC9CEB8-8B4A-11D0-8D11-00A0C91BC942}") = "H5FontLogger", "H5FontLogger\H5FontLogger.vcxproj", "{D10EB53F-A1AE-43B8-B384-CFA4F6E68D2F}"
EndProject
Project("{8BC9CEB8-8B4A-11D0-8D11-00A0C91BC942}") = "H5FontFileIO", "H5FontFileIO\H5FontFileIO.vcxproj", "{88BB7EBC-71D8-43E2-B39A-BED0E2983868}"
EndProject
Global
	GlobalSection(SolutionConfigurationPlatforms) = preSolution
		Debug|x64 = Debug|x64
		Debug|x86 = Debug|x86
		Release|x64 = Release|x64
		Release|x86 = Release|x86
	EndGlobalSection
	GlobalSection(ProjectConfigurationPlatforms) = postSolution
		{2C99BC25-3A37-4AEA-AA11-25BB8F079264}.Debug|x64.ActiveCfg = Debug|x64
		{2C99BC25-3A37-4AEA-AA11-25BB8F079264}.Debug|x64.Build.0 = Debug|x64
		{2C99BC25-3A37-4AEA-AA11-25BB8F079264}.Debug|x86.ActiveCfg = Debug|Win32
		{2C99BC25-3A37-4AEA-AA11-25BB8F079264}.Debug|x86.Build.0 = Debug|Win32
		{2C99BC25-3A37-4AEA-AA11-25BB8F079264}.Release|x64.ActiveCfg = Release|x64
		{2C99BC25-3A37-4AEA-AA11-25BB8F079264}.Release|x64.Build.0 = Release|x64
		{2C99BC25-3A37-4AEA-AA11-25BB8F079264}.Release|x86.ActiveCfg = Release|Win32
		{2C99BC25-3A37-4AEA-AA11-25BB8F079264}.Release|x86.Build.0 = Release|Win32
		{9396B462-4834-41D5-B233-4A729407FCB3}.Debug|x64.ActiveCfg = Debug|x64
		{9396B462-4834-41D5-B233-4A729407FCB3}.Debug|x64.Build.0 = Debug|x64
		{9396B462-4834-41D5-B233-4A729407FCB3}.Debug|x86.ActiveCfg = Debug|Win32
		{9396B462-4834-41D5-B233-4A729407FCB3}.Debug|x86.Build.0 = Debug|Win32
		{9396B462-4834-41D5-B233-4A729407FCB3}.Release|x64.ActiveCfg = Release|x64
		{9396B462-4834-41D5-B233-4A729407FCB3}.Release|x64.Build.0 = Release|x64
		{9396B462-4834-41D5-B233-4A729407FCB3}.Release|x86.ActiveCfg = Release|Win32
		{9396B462-4834-41D5-B233-4A729407FCB3}.Release|x86.Build.0 = Release|Win32
		{7C00E555-1529-4B81-A62A-1AF583083D30}.Debug|x64.ActiveCfg = Debug|x64
		{7C00E555-1529-4B81-A62A-1AF583083D30}.Debug|x64.Build.0 = Debug|x64
		{7C00E555-1529-4B81-A62A-1AF583083D30}.Debug|x86.ActiveCfg = Debug|Win32
		{7C00E555-1529-4B81-A62A-1AF583083D30}.Debug|x86.Build.0 = Debug|Win32
		{7C00E555-1529-4B81-A62A-1AF583083D30}.Release|x64.ActiveCfg = Release|x64
		{7C00E555-1529-4B81-A62A-1AF583083D30}.Release|x64.Build.0 = Release|x64
		{7C00E555-1529-4B81-A62A-1AF583083D30}.Release|x86.ActiveCfg = Release|Win32
		{7C00E555-1529-4B81-A62A-1AF583083D30}.Release|x86.Build.0 = Release|Win32
		{D10EB53F-A1AE-43B8-B384-CFA4F6E68D2F}.Debug|x64.ActiveCfg = Debug|x64
		{D10EB53F-A1AE-43B8-B384-CFA4F6E68D2F}.Debug|x64.Build.0 = Debug|x64
		{D10EB53F-A1AE-43B8-B384-CFA4F6E68D2F}.Debug|x86.ActiveCfg = Debug|Win32
		{D10EB53F-A1AE-43B8-B384-CFA4F6E68D2F}.Debug|x86.Build.0 = Debug|Win32
		{D10EB53F-A1AE-43B8-B384-CFA4F6E68D2F}.Release|x64.ActiveCfg = Release|x64
		{D10EB53F-A1AE-43B8-B384-CFA4F6E68D2F}.Release|x64.Build.0 = Release|x64
		{D10EB53F-A1AE-43B8-B384-CFA4F6E68D2F}.Release|x86.ActiveCfg = Release|Win32
		{D10EB53F-A1AE-43B8-B384-CFA4F6E68D2F}.Release|x86.Build.0 = Release|Win32
		{88BB7EBC-71D8-43E2-B39A-BED0E2983868}.Debug|x64.ActiveCfg = Debug|x64
		{88BB7EBC-71D8-43E2-B39A-BED0E2983868}.Debug|x64.Build.0 = Debug|x64
		{88BB7EBC-71D8-43E2-B39A-BED0E2983868}.Debug|x86.ActiveCfg = Debug|Win32
		{88BB7EBC-71D8-43E2-B39A-BED0E2983868}.Debug|x86.Build.0 = Debug|Win32
		{88BB7EBC-71D8-43E2-B39A-BED0E2983868}.Release|x64.ActiveCfg = Release|x64
		{88BB7EBC-71D8-43E2-B39A-BED0E2983868}.Release|x64.Build.0 = Release|x64
		{88BB7EBC-71D8-43E2-B39A-BED0E2983868}.Release|x86.ActiveCfg = Release|Win32
		{88BB7EBC-71D8-43E2-B39A-BED0E2983868}.Release|x86.Build.0 = Release|Win32
	EndGlobalSection
	GlobalSection(SolutionProperties) = preSolution
		HideSolutionNode = FALSE
	EndGlobalSection
	GlobalSection(ExtensibilityGlobals) = postSolution
		SolutionGuid = {499B20DB-4AFF-4349-8B8F-B81025122BA8}
	EndGlobalSection
EndGlobal
